
Microsoft Visual Studio Solution File, Format Version 12.00
# Visual Studio Version 17
VisualStudioVersion = 17.0.32014.148
MinimumVisualStudioVersion = 10.0.40219.1
Project("{FAE04EC0-301F-11D3-BF4B-00C04F79EFBC}") = "Assignment1_W0197064", "Assignment1_W0197064\Assignment1_W0197064.csproj", "{49EC3953-6EC7-47A6-8B76-9FF92708BE74}"
EndProject
Global
	GlobalSection(SolutionConfigurationPlatforms) = preSolution
		Debug|Any CPU = Debug|Any CPU
		Release|Any CPU = Release|Any CPU
	EndGlobalSection
	GlobalSection(ProjectConfigurationPlatforms) = postSolution
		{49EC3953-6EC7-47A6-8B76-9FF92708BE74}.Debug|Any CPU.ActiveCfg = Debug|Any CPU
		{49EC3953-6EC7-47A6-8B76-9FF92708BE74}.Debug|Any CPU.Build.0 = Debug|Any CPU
		{49EC3953-6EC7-47A6-8B76-9FF92708BE74}.Release|Any CPU.ActiveCfg = Release|Any CPU
		{49EC3953-6EC7-47A6-8B76-9FF92708BE74}.Release|Any CPU.Build.0 = Release|Any CPU
	EndGlobalSection
	GlobalSection(SolutionProperties) = preSolution
		HideSolutionNode = FALSE
	EndGlobalSection
	GlobalSection(ExtensibilityGlobals) = postSolution
		SolutionGuid = {7676A5BD-2CE5-45D3-99C5-83505F4773D7}
	EndGlobalSection
EndGlobal
